
Microsoft Visual Studio Solution File, Format Version 12.00
# Visual Studio Version 17
VisualStudioVersion = 17.14.36301.6 d17.14
MinimumVisualStudioVersion = 10.0.40219.1
Project("{FAE04EC0-301F-11D3-BF4B-00C04F79EFBC}") = "CasinoMy", "CasinoMy.csproj", "{5EAD4C33-688E-4E48-A968-1E1FF651558E}"
EndProject
Global
	GlobalSection(SolutionConfigurationPlatforms) = preSolution
		Debug|Any CPU = Debug|Any CPU
		Release|Any CPU = Release|Any CPU
	EndGlobalSection
	GlobalSection(ProjectConfigurationPlatforms) = postSolution
		{5EAD4C33-688E-4E48-A968-1E1FF651558E}.Debug|Any CPU.ActiveCfg = Debug|Any CPU
		{5EAD4C33-688E-4E48-A968-1E1FF651558E}.Debug|Any CPU.Build.0 = Debug|Any CPU
		{5EAD4C33-688E-4E48-A968-1E1FF651558E}.Release|Any CPU.ActiveCfg = Release|Any CPU
		{5EAD4C33-688E-4E48-A968-1E1FF651558E}.Release|Any CPU.Build.0 = Release|Any CPU
	EndGlobalSection
	GlobalSection(SolutionProperties) = preSolution
		HideSolutionNode = FALSE
	EndGlobalSection
	GlobalSection(ExtensibilityGlobals) = postSolution
		SolutionGuid = {06CF1D00-9721-4D12-A2B5-EA779224704D}
	EndGlobalSection
EndGlobal
