
Microsoft Visual Studio Solution File, Format Version 12.00
# Visual Studio Version 17
VisualStudioVersion = 17.14.36301.6 d17.14
MinimumVisualStudioVersion = 10.0.40219.1
Project("{FAE04EC0-301F-11D3-BF4B-00C04F79EFBC}") = "OrderManager", "OrderManager.csproj", "{CB06B9EC-1B3F-434B-BB2D-18E79E7E727C}"
EndProject
Global
	GlobalSection(SolutionConfigurationPlatforms) = preSolution
		Debug|Any CPU = Debug|Any CPU
		Release|Any CPU = Release|Any CPU
	EndGlobalSection
	GlobalSection(ProjectConfigurationPlatforms) = postSolution
		{CB06B9EC-1B3F-434B-BB2D-18E79E7E727C}.Debug|Any CPU.ActiveCfg = Debug|Any CPU
		{CB06B9EC-1B3F-434B-BB2D-18E79E7E727C}.Debug|Any CPU.Build.0 = Debug|Any CPU
		{CB06B9EC-1B3F-434B-BB2D-18E79E7E727C}.Release|Any CPU.ActiveCfg = Release|Any CPU
		{CB06B9EC-1B3F-434B-BB2D-18E79E7E727C}.Release|Any CPU.Build.0 = Release|Any CPU
	EndGlobalSection
	GlobalSection(SolutionProperties) = preSolution
		HideSolutionNode = FALSE
	EndGlobalSection
	GlobalSection(ExtensibilityGlobals) = postSolution
		SolutionGuid = {9BC95616-0C63-4986-B951-C465BC0C0582}
	EndGlobalSection
EndGlobal
